{
  "lockfileVersion": 1,
  "configVersion": 1,
  "workspaces": {
    "": {
      "name": "ai-platform-backend",
      "dependencies": {
        "@supabase/supabase-js": "^2.100.0",
        "hono": "^4.12.9",
      },
      "devDependencies": {
        "@types/bun": "latest",
      },
      "peerDependencies": {
        "typescript": "^5",
      },
    },
  },
  "packages": {
    "@supabase/auth-js": ["@supabase/auth-js@2.100.0", "", { "dependencies": { "tslib": "2.8.1" } }, "sha512-pdT3ye3UVRN1Cg0wom6BmyY+XTtp5DiJaYnPi6j8ht5i8Lq8kfqxJMJz9GI9YDKk3w1nhGOPnh6Qz5qpyYm+1w=="],

    "@supabase/functions-js": ["@supabase/functions-js@2.100.0", "", { "dependencies": { "tslib": "2.8.1" } }, "sha512-keLg79RPwP+uiwHuxFPTFgDRxPV46LM4j/swjyR2GKJgWniTVSsgiBHfbIBDcrQwehLepy09b/9QSHUywtKRWQ=="],

    "@supabase/phoenix": ["@supabase/phoenix@0.4.0", "", {}, "sha512-RHSx8bHS02xwfHdAbX5Lpbo6PXbgyf7lTaXTlwtFDPwOIw64NnVRwFAXGojHhjtVYI+PEPNSWwkL90f4agN3bw=="],

    "@supabase/postgrest-js": ["@supabase/postgrest-js@2.100.0", "", { "dependencies": { "tslib": "2.8.1" } }, "sha512-xYNvNbBJaXOGcrZ44wxwp5830uo1okMHGS8h8dm3u4f0xcZ39yzbryUsubTJW41MG2gbL/6U57cA4Pi6YMZ9pA=="],

    "@supabase/realtime-js": ["@supabase/realtime-js@2.100.0", "", { "dependencies": { "@supabase/phoenix": "^0.4.0", "@types/ws": "^8.18.1", "tslib": "2.8.1", "ws": "^8.18.2" } }, "sha512-2AZs00zzEF0HuCKY8grz5eCYlwEfVi5HONLZFoNR6aDfxQivl8zdQYNjyFoqN2MZiVhQHD7u6XV/xHwM8mCEHw=="],

    "@supabase/storage-js": ["@supabase/storage-js@2.100.0", "", { "dependencies": { "iceberg-js": "^0.8.1", "tslib": "2.8.1" } }, "sha512-d4EeuK6RNIgYNA2MU9kj8lQrLm5AzZ+WwpWjGkii6SADQNIGTC/uiaTRu02XJ5AmFALQfo8fLl9xuCkO6Xw+iQ=="],

    "@supabase/supabase-js": ["@supabase/supabase-js@2.100.0", "", { "dependencies": { "@supabase/auth-js": "2.100.0", "@supabase/functions-js": "2.100.0", "@supabase/postgrest-js": "2.100.0", "@supabase/realtime-js": "2.100.0", "@supabase/storage-js": "2.100.0" } }, "sha512-r0tlcukejJXJ1m/2eG/Ya5eYs4W8AC7oZfShpG3+SIo/eIU9uIt76ZeYI1SoUwUmcmzlAbgch+HDZDR/toVQPQ=="],

    "@types/bun": ["@types/bun@1.3.11", "", { "dependencies": { "bun-types": "1.3.11" } }, "sha512-5vPne5QvtpjGpsGYXiFyycfpDF2ECyPcTSsFBMa0fraoxiQyMJ3SmuQIGhzPg2WJuWxVBoxWJ2kClYTcw/4fAg=="],

    "@types/node": ["@types/node@25.5.0", "", { "dependencies": { "undici-types": "~7.18.0" } }, "sha512-jp2P3tQMSxWugkCUKLRPVUpGaL5MVFwF8RDuSRztfwgN1wmqJeMSbKlnEtQqU8UrhTmzEmZdu2I6v2dpp7XIxw=="],

    "@types/ws": ["@types/ws@8.18.1", "", { "dependencies": { "@types/node": "*" } }, "sha512-ThVF6DCVhA8kUGy+aazFQ4kXQ7E1Ty7A3ypFOe0IcJV8O/M511G99AW24irKrW56Wt44yG9+ij8FaqoBGkuBXg=="],

    "bun-types": ["bun-types@1.3.11", "", { "dependencies": { "@types/node": "*" } }, "sha512-1KGPpoxQWl9f6wcZh57LvrPIInQMn2TQ7jsgxqpRzg+l0QPOFvJVH7HmvHo/AiPgwXy+/Thf6Ov3EdVn1vOabg=="],

    "hono": ["hono@4.12.9", "", {}, "sha512-wy3T8Zm2bsEvxKZM5w21VdHDDcwVS1yUFFY6i8UobSsKfFceT7TOwhbhfKsDyx7tYQlmRM5FLpIuYvNFyjctiA=="],

    "iceberg-js": ["iceberg-js@0.8.1", "", {}, "sha512-1dhVQZXhcHje7798IVM+xoo/1ZdVfzOMIc8/rgVSijRK38EDqOJoGula9N/8ZI5RD8QTxNQtK/Gozpr+qUqRRA=="],

    "tslib": ["tslib@2.8.1", "", {}, "sha512-oJFu94HQb+KVduSUQL7wnpmqnfmLsOA/nAh6b6EH0wCEoK0/mPeXU6c3wKDV83MkOuHPRHtSXKKU99IBazS/2w=="],

    "typescript": ["typescript@5.9.3", "", { "bin": { "tsc": "bin/tsc", "tsserver": "bin/tsserver" } }, "sha512-jl1vZzPDinLr9eUt3J/t7V6FgNEw9QjvBPdysz9KfQDD41fQrC2Y4vKQdiaUpFT4bXlb1RHhLpp8wtm6M5TgSw=="],

    "undici-types": ["undici-types@7.18.2", "", {}, "sha512-AsuCzffGHJybSaRrmr5eHr81mwJU3kjw6M+uprWvCXiNeN9SOGwQ3Jn8jb8m3Z6izVgknn1R0FTCEAP2QrLY/w=="],

    "ws": ["ws@8.20.0", "", { "peerDependencies": { "bufferutil": "^4.0.1", "utf-8-validate": ">=5.0.2" }, "optionalPeers": ["bufferutil", "utf-8-validate"] }, "sha512-sAt8BhgNbzCtgGbt2OxmpuryO63ZoDk/sqaB/znQm94T4fCEsy/yV+7CdC1kJhOU9lboAEU7R3kquuycDoibVA=="],
  }
}
